// !$*UTF8*$!
{
	archiveVersion = 1;
	classes = {
	};
	objectVersion = 77;
	objects = {

/* Begin PBXBuildFile section */
		993FCC562D425E3300C91D4B /* AuthViewController.swift in Sources */ = {isa = PBXBuildFile; fileRef = 993FCC552D425E3300C91D4B /* AuthViewController.swift */; };
		993FCC5B2D425EA100C91D4B /* ImagesListCell.swift in Sources */ = {isa = PBXBuildFile; fileRef = 993FCC582D425EA100C91D4B /* ImagesListCell.swift */; };
		993FCC5C2D425EA100C91D4B /* ImagesListViewController.swift in Sources */ = {isa = PBXBuildFile; fileRef = 993FCC592D425EA100C91D4B /* ImagesListViewController.swift */; };
		993FCC622D4264DD00C91D4B /* WebViewViewController.swift in Sources */ = {isa = PBXBuildFile; fileRef = 993FCC612D4264DD00C91D4B /* WebViewViewController.swift */; };
		993FCC642D427DF400C91D4B /* WebViewViewControllerDelegate.swift in Sources */ = {isa = PBXBuildFile; fileRef = 993FCC632D427DF400C91D4B /* WebViewViewControllerDelegate.swift */; };
		993FCC662D457A8900C91D4B /* OAuth2Service.swift in Sources */ = {isa = PBXBuildFile; fileRef = 993FCC652D457A8900C91D4B /* OAuth2Service.swift */; };
		993FCC6E2D47D87C00C91D4B /* URLSession+data.swift.swift in Sources */ = {isa = PBXBuildFile; fileRef = 993FCC6D2D47D87C00C91D4B /* URLSession+data.swift.swift */; };
		993FCC732D47DAEF00C91D4B /* OAuthTokenResponseBody.swift in Sources */ = {isa = PBXBuildFile; fileRef = 993FCC722D47DAEF00C91D4B /* OAuthTokenResponseBody.swift */; };
		993FCC752D47DE0C00C91D4B /* OAuth2TokenStorage.swift in Sources */ = {isa = PBXBuildFile; fileRef = 993FCC742D47DE0C00C91D4B /* OAuth2TokenStorage.swift */; };
		993FCC792D49006900C91D4B /* SplashViewController.swift in Sources */ = {isa = PBXBuildFile; fileRef = 993FCC782D49006900C91D4B /* SplashViewController.swift */; };
		993FCC7B2D49051100C91D4B /* AuthViewControllerDelegate.swift in Sources */ = {isa = PBXBuildFile; fileRef = 993FCC7A2D49051100C91D4B /* AuthViewControllerDelegate.swift */; };
		995FBE442D1AD28F00FE1D06 /* GradientView.swift in Sources */ = {isa = PBXBuildFile; fileRef = 995FBE432D1AD28F00FE1D06 /* GradientView.swift */; };
		99645E562D19C6E400524200 /* Assets.xcassets in Resources */ = {isa = PBXBuildFile; fileRef = 99645E4D2D19C6E400524200 /* Assets.xcassets */; };
		99645E582D19C6E400524200 /* LaunchScreen.storyboard in Resources */ = {isa = PBXBuildFile; fileRef = 99645E512D19C6E400524200 /* LaunchScreen.storyboard */; };
		99645E592D19C6E400524200 /* Main.storyboard in Resources */ = {isa = PBXBuildFile; fileRef = 99645E532D19C6E400524200 /* Main.storyboard */; };
		99645E5A2D19C6E400524200 /* AppDelegate.swift in Sources */ = {isa = PBXBuildFile; fileRef = 99645E4C2D19C6E400524200 /* AppDelegate.swift */; };
		99645E5C2D19C6E400524200 /* SceneDelegate.swift in Sources */ = {isa = PBXBuildFile; fileRef = 99645E542D19C6E400524200 /* SceneDelegate.swift */; };
		997D48042D4F8EA90044699F /* UIBlockingProgressHUD.swift in Sources */ = {isa = PBXBuildFile; fileRef = 997D48032D4F8EA90044699F /* UIBlockingProgressHUD.swift */; };
		997D48062D500D820044699F /* ProfileService.swift in Sources */ = {isa = PBXBuildFile; fileRef = 997D48052D500D820044699F /* ProfileService.swift */; };
		997D48082D500DE00044699F /* ProfileResult.swift in Sources */ = {isa = PBXBuildFile; fileRef = 997D48072D500DE00044699F /* ProfileResult.swift */; };
		997D480A2D500EE50044699F /* Profile.swift in Sources */ = {isa = PBXBuildFile; fileRef = 997D48092D500EE50044699F /* Profile.swift */; };
		9997C5AA2D4CED5400CF64C7 /* ProgressHUD in Frameworks */ = {isa = PBXBuildFile; productRef = 9997C5A92D4CED5400CF64C7 /* ProgressHUD */; };
		999FF1D22D2EA3970092186F /* ProfileViewController.swift in Sources */ = {isa = PBXBuildFile; fileRef = 999FF1D12D2EA3970092186F /* ProfileViewController.swift */; };
		99E9DFA92D4115F7009B9845 /* Constants.swift in Sources */ = {isa = PBXBuildFile; fileRef = 99E9DFA82D4115F7009B9845 /* Constants.swift */; };
		99EAD7F02D33E20E001EBE4B /* SingleImageViewController.swift in Sources */ = {isa = PBXBuildFile; fileRef = 99EAD7EF2D33E20E001EBE4B /* SingleImageViewController.swift */; };
/* End PBXBuildFile section */

/* Begin PBXContainerItemProxy section */
		992E680F2D183CCB0071734B /* PBXContainerItemProxy */ = {
			isa = PBXContainerItemProxy;
			containerPortal = 992E67F02D183CC90071734B /* Project object */;
			proxyType = 1;
			remoteGlobalIDString = 992E67F72D183CC90071734B;
			remoteInfo = ImageFeed;
		};
		992E68192D183CCB0071734B /* PBXContainerItemProxy */ = {
			isa = PBXContainerItemProxy;
			containerPortal = 992E67F02D183CC90071734B /* Project object */;
			proxyType = 1;
			remoteGlobalIDString = 992E67F72D183CC90071734B;
			remoteInfo = ImageFeed;
		};
/* End PBXContainerItemProxy section */

/* Begin PBXFileReference section */
		992E67F82D183CC90071734B /* ImageFeed.app */ = {isa = PBXFileReference; explicitFileType = wrapper.application; includeInIndex = 0; path = ImageFeed.app; sourceTree = BUILT_PRODUCTS_DIR; };
		992E680E2D183CCB0071734B /* ImageFeedTests.xctest */ = {isa = PBXFileReference; explicitFileType = wrapper.cfbundle; includeInIndex = 0; path = ImageFeedTests.xctest; sourceTree = BUILT_PRODUCTS_DIR; };
		992E68182D183CCB0071734B /* ImageFeedUITests.xctest */ = {isa = PBXFileReference; explicitFileType = wrapper.cfbundle; includeInIndex = 0; path = ImageFeedUITests.xctest; sourceTree = BUILT_PRODUCTS_DIR; };
		993FCC552D425E3300C91D4B /* AuthViewController.swift */ = {isa = PBXFileReference; lastKnownFileType = sourcecode.swift; path = AuthViewController.swift; sourceTree = "<group>"; };
		993FCC582D425EA100C91D4B /* ImagesListCell.swift */ = {isa = PBXFileReference; lastKnownFileType = sourcecode.swift; path = ImagesListCell.swift; sourceTree = "<group>"; };
		993FCC592D425EA100C91D4B /* ImagesListViewController.swift */ = {isa = PBXFileReference; lastKnownFileType = sourcecode.swift; path = ImagesListViewController.swift; sourceTree = "<group>"; };
		993FCC612D4264DD00C91D4B /* WebViewViewController.swift */ = {isa = PBXFileReference; lastKnownFileType = sourcecode.swift; path = WebViewViewController.swift; sourceTree = "<group>"; };
		993FCC632D427DF400C91D4B /* WebViewViewControllerDelegate.swift */ = {isa = PBXFileReference; lastKnownFileType = sourcecode.swift; path = WebViewViewControllerDelegate.swift; sourceTree = "<group>"; };
		993FCC652D457A8900C91D4B /* OAuth2Service.swift */ = {isa = PBXFileReference; lastKnownFileType = sourcecode.swift; path = OAuth2Service.swift; sourceTree = "<group>"; };
		993FCC6D2D47D87C00C91D4B /* URLSession+data.swift.swift */ = {isa = PBXFileReference; lastKnownFileType = sourcecode.swift; path = "URLSession+data.swift.swift"; sourceTree = "<group>"; };
		993FCC722D47DAEF00C91D4B /* OAuthTokenResponseBody.swift */ = {isa = PBXFileReference; lastKnownFileType = sourcecode.swift; path = OAuthTokenResponseBody.swift; sourceTree = "<group>"; };
		993FCC742D47DE0C00C91D4B /* OAuth2TokenStorage.swift */ = {isa = PBXFileReference; lastKnownFileType = sourcecode.swift; path = OAuth2TokenStorage.swift; sourceTree = "<group>"; };
		993FCC782D49006900C91D4B /* SplashViewController.swift */ = {isa = PBXFileReference; lastKnownFileType = sourcecode.swift; path = SplashViewController.swift; sourceTree = "<group>"; };
		993FCC7A2D49051100C91D4B /* AuthViewControllerDelegate.swift */ = {isa = PBXFileReference; lastKnownFileType = sourcecode.swift; path = AuthViewControllerDelegate.swift; sourceTree = "<group>"; };
		995FBE432D1AD28F00FE1D06 /* GradientView.swift */ = {isa = PBXFileReference; lastKnownFileType = sourcecode.swift; path = GradientView.swift; sourceTree = "<group>"; };
		99645E4C2D19C6E400524200 /* AppDelegate.swift */ = {isa = PBXFileReference; lastKnownFileType = sourcecode.swift; path = AppDelegate.swift; sourceTree = "<group>"; };
		99645E4D2D19C6E400524200 /* Assets.xcassets */ = {isa = PBXFileReference; lastKnownFileType = folder.assetcatalog; path = Assets.xcassets; sourceTree = "<group>"; };
		99645E4F2D19C6E400524200 /* Info.plist */ = {isa = PBXFileReference; lastKnownFileType = text.plist.xml; path = Info.plist; sourceTree = "<group>"; };
		99645E502D19C6E400524200 /* Base */ = {isa = PBXFileReference; lastKnownFileType = file.storyboard; name = Base; path = Base.lproj/LaunchScreen.storyboard; sourceTree = "<group>"; };
		99645E522D19C6E400524200 /* Base */ = {isa = PBXFileReference; lastKnownFileType = file.storyboard; name = Base; path = Base.lproj/Main.storyboard; sourceTree = "<group>"; };
		99645E542D19C6E400524200 /* SceneDelegate.swift */ = {isa = PBXFileReference; lastKnownFileType = sourcecode.swift; path = SceneDelegate.swift; sourceTree = "<group>"; };
		997D48032D4F8EA90044699F /* UIBlockingProgressHUD.swift */ = {isa = PBXFileReference; lastKnownFileType = sourcecode.swift; path = UIBlockingProgressHUD.swift; sourceTree = "<group>"; };
		997D48052D500D820044699F /* ProfileService.swift */ = {isa = PBXFileReference; lastKnownFileType = sourcecode.swift; path = ProfileService.swift; sourceTree = "<group>"; };
		997D48072D500DE00044699F /* ProfileResult.swift */ = {isa = PBXFileReference; lastKnownFileType = sourcecode.swift; path = ProfileResult.swift; sourceTree = "<group>"; };
		997D48092D500EE50044699F /* Profile.swift */ = {isa = PBXFileReference; lastKnownFileType = sourcecode.swift; path = Profile.swift; sourceTree = "<group>"; };
		999FF1D12D2EA3970092186F /* ProfileViewController.swift */ = {isa = PBXFileReference; lastKnownFileType = sourcecode.swift; path = ProfileViewController.swift; sourceTree = "<group>"; };
		99E9DFA82D4115F7009B9845 /* Constants.swift */ = {isa = PBXFileReference; lastKnownFileType = sourcecode.swift; path = Constants.swift; sourceTree = "<group>"; };
		99EAD7EF2D33E20E001EBE4B /* SingleImageViewController.swift */ = {isa = PBXFileReference; lastKnownFileType = sourcecode.swift; path = SingleImageViewController.swift; sourceTree = "<group>"; };
/* End PBXFileReference section */

/* Begin PBXFileSystemSynchronizedRootGroup section */
		992E68112D183CCB0071734B /* ImageFeedTests */ = {
			isa = PBXFileSystemSynchronizedRootGroup;
			path = ImageFeedTests;
			sourceTree = "<group>";
		};
		992E681B2D183CCB0071734B /* ImageFeedUITests */ = {
			isa = PBXFileSystemSynchronizedRootGroup;
			path = ImageFeedUITests;
			sourceTree = "<group>";
		};
/* End PBXFileSystemSynchronizedRootGroup section */

/* Begin PBXFrameworksBuildPhase section */
		992E67F52D183CC90071734B /* Frameworks */ = {
			isa = PBXFrameworksBuildPhase;
			buildActionMask = 2147483647;
			files = (
				9997C5AA2D4CED5400CF64C7 /* ProgressHUD in Frameworks */,
			);
			runOnlyForDeploymentPostprocessing = 0;
		};
		992E680B2D183CCB0071734B /* Frameworks */ = {
			isa = PBXFrameworksBuildPhase;
			buildActionMask = 2147483647;
			files = (
			);
			runOnlyForDeploymentPostprocessing = 0;
		};
		992E68152D183CCB0071734B /* Frameworks */ = {
			isa = PBXFrameworksBuildPhase;
			buildActionMask = 2147483647;
			files = (
			);
			runOnlyForDeploymentPostprocessing = 0;
		};
/* End PBXFrameworksBuildPhase section */

/* Begin PBXGroup section */
		992E67EF2D183CC90071734B = {
			isa = PBXGroup;
			children = (
				99645E552D19C6E400524200 /* ImageFeed */,
				992E68112D183CCB0071734B /* ImageFeedTests */,
				992E681B2D183CCB0071734B /* ImageFeedUITests */,
				992E67F92D183CC90071734B /* Products */,
			);
			sourceTree = "<group>";
		};
		992E67F92D183CC90071734B /* Products */ = {
			isa = PBXGroup;
			children = (
				992E67F82D183CC90071734B /* ImageFeed.app */,
				992E680E2D183CCB0071734B /* ImageFeedTests.xctest */,
				992E68182D183CCB0071734B /* ImageFeedUITests.xctest */,
			);
			name = Products;
			sourceTree = "<group>";
		};
		993FCC572D425E8C00C91D4B /* Auth */ = {
			isa = PBXGroup;
			children = (
				993FCC7A2D49051100C91D4B /* AuthViewControllerDelegate.swift */,
				993FCC552D425E3300C91D4B /* AuthViewController.swift */,
				993FCC612D4264DD00C91D4B /* WebViewViewController.swift */,
			);
			path = Auth;
			sourceTree = "<group>";
		};
		993FCC5A2D425EA100C91D4B /* ImagesList */ = {
			isa = PBXGroup;
			children = (
				993FCC582D425EA100C91D4B /* ImagesListCell.swift */,
				993FCC592D425EA100C91D4B /* ImagesListViewController.swift */,
				99EAD7EF2D33E20E001EBE4B /* SingleImageViewController.swift */,
				999FF1D12D2EA3970092186F /* ProfileViewController.swift */,
			);
			path = ImagesList;
			sourceTree = "<group>";
		};
		993FCC6F2D47D88100C91D4B /* Extensions */ = {
			isa = PBXGroup;
			children = (
				993FCC6D2D47D87C00C91D4B /* URLSession+data.swift.swift */,
			);
			path = Extensions;
			sourceTree = "<group>";
		};
		993FCC702D47D8BC00C91D4B /* Services */ = {
			isa = PBXGroup;
			children = (
				993FCC652D457A8900C91D4B /* OAuth2Service.swift */,
				99E9DFA82D4115F7009B9845 /* Constants.swift */,
				993FCC742D47DE0C00C91D4B /* OAuth2TokenStorage.swift */,
				997D48032D4F8EA90044699F /* UIBlockingProgressHUD.swift */,
				997D48052D500D820044699F /* ProfileService.swift */,
			);
			path = Services;
			sourceTree = "<group>";
		};
		993FCC712D47D8D000C91D4B /* Models */ = {
			isa = PBXGroup;
			children = (
				993FCC632D427DF400C91D4B /* WebViewViewControllerDelegate.swift */,
				993FCC722D47DAEF00C91D4B /* OAuthTokenResponseBody.swift */,
				997D48072D500DE00044699F /* ProfileResult.swift */,
				997D48092D500EE50044699F /* Profile.swift */,
			);
			path = Models;
			sourceTree = "<group>";
		};
		99645E552D19C6E400524200 /* ImageFeed */ = {
			isa = PBXGroup;
			children = (
				99645E4C2D19C6E400524200 /* AppDelegate.swift */,
				99645E542D19C6E400524200 /* SceneDelegate.swift */,
				993FCC782D49006900C91D4B /* SplashViewController.swift */,
				993FCC6F2D47D88100C91D4B /* Extensions */,
				993FCC712D47D8D000C91D4B /* Models */,
				995FBE432D1AD28F00FE1D06 /* GradientView.swift */,
				993FCC702D47D8BC00C91D4B /* Services */,
				993FCC572D425E8C00C91D4B /* Auth */,
				993FCC5A2D425EA100C91D4B /* ImagesList */,
				99645E512D19C6E400524200 /* LaunchScreen.storyboard */,
				99645E532D19C6E400524200 /* Main.storyboard */,
				99645E4D2D19C6E400524200 /* Assets.xcassets */,
				99645E4F2D19C6E400524200 /* Info.plist */,
			);
			path = ImageFeed;
			sourceTree = "<group>";
		};
/* End PBXGroup section */

/* Begin PBXNativeTarget section */
		992E67F72D183CC90071734B /* ImageFeed */ = {
			isa = PBXNativeTarget;
			buildConfigurationList = 992E68212D183CCB0071734B /* Build configuration list for PBXNativeTarget "ImageFeed" */;
			buildPhases = (
				992E67F42D183CC90071734B /* Sources */,
				992E67F52D183CC90071734B /* Frameworks */,
				992E67F62D183CC90071734B /* Resources */,
			);
			buildRules = (
			);
			dependencies = (
			);
			name = ImageFeed;
			packageProductDependencies = (
				9997C5A92D4CED5400CF64C7 /* ProgressHUD */,
			);
			productName = ImageFeed;
			productReference = 992E67F82D183CC90071734B /* ImageFeed.app */;
			productType = "com.apple.product-type.application";
		};
		992E680D2D183CCB0071734B /* ImageFeedTests */ = {
			isa = PBXNativeTarget;
			buildConfigurationList = 992E68262D183CCB0071734B /* Build configuration list for PBXNativeTarget "ImageFeedTests" */;
			buildPhases = (
				992E680A2D183CCB0071734B /* Sources */,
				992E680B2D183CCB0071734B /* Frameworks */,
				992E680C2D183CCB0071734B /* Resources */,
			);
			buildRules = (
			);
			dependencies = (
				992E68102D183CCB0071734B /* PBXTargetDependency */,
			);
			fileSystemSynchronizedGroups = (
				992E68112D183CCB0071734B /* ImageFeedTests */,
			);
			name = ImageFeedTests;
			packageProductDependencies = (
			);
			productName = ImageFeedTests;
			productReference = 992E680E2D183CCB0071734B /* ImageFeedTests.xctest */;
			productType = "com.apple.product-type.bundle.unit-test";
		};
		992E68172D183CCB0071734B /* ImageFeedUITests */ = {
			isa = PBXNativeTarget;
			buildConfigurationList = 992E68292D183CCB0071734B /* Build configuration list for PBXNativeTarget "ImageFeedUITests" */;
			buildPhases = (
				992E68142D183CCB0071734B /* Sources */,
				992E68152D183CCB0071734B /* Frameworks */,
				992E68162D183CCB0071734B /* Resources */,
			);
			buildRules = (
			);
			dependencies = (
				992E681A2D183CCB0071734B /* PBXTargetDependency */,
			);
			fileSystemSynchronizedGroups = (
				992E681B2D183CCB0071734B /* ImageFeedUITests */,
			);
			name = ImageFeedUITests;
			packageProductDependencies = (
			);
			productName = ImageFeedUITests;
			productReference = 992E68182D183CCB0071734B /* ImageFeedUITests.xctest */;
			productType = "com.apple.product-type.bundle.ui-testing";
		};
/* End PBXNativeTarget section */

/* Begin PBXProject section */
		992E67F02D183CC90071734B /* Project object */ = {
			isa = PBXProject;
			attributes = {
				BuildIndependentTargetsInParallel = 1;
				LastSwiftUpdateCheck = 1610;
				LastUpgradeCheck = 1610;
				TargetAttributes = {
					992E67F72D183CC90071734B = {
						CreatedOnToolsVersion = 16.1;
					};
					992E680D2D183CCB0071734B = {
						CreatedOnToolsVersion = 16.1;
						TestTargetID = 992E67F72D183CC90071734B;
					};
					992E68172D183CCB0071734B = {
						CreatedOnToolsVersion = 16.1;
						TestTargetID = 992E67F72D183CC90071734B;
					};
				};
			};
			buildConfigurationList = 992E67F32D183CC90071734B /* Build configuration list for PBXProject "ImageFeed" */;
			developmentRegion = en;
			hasScannedForEncodings = 0;
			knownRegions = (
				en,
				Base,
			);
			mainGroup = 992E67EF2D183CC90071734B;
			minimizedProjectReferenceProxies = 1;
			packageReferences = (
				9997C5A82D4CED5400CF64C7 /* XCRemoteSwiftPackageReference "ProgressHUD" */,
			);
			preferredProjectObjectVersion = 77;
			productRefGroup = 992E67F92D183CC90071734B /* Products */;
			projectDirPath = "";
			projectRoot = "";
			targets = (
				992E67F72D183CC90071734B /* ImageFeed */,
				992E680D2D183CCB0071734B /* ImageFeedTests */,
				992E68172D183CCB0071734B /* ImageFeedUITests */,
			);
		};
/* End PBXProject section */

/* Begin PBXResourcesBuildPhase section */
		992E67F62D183CC90071734B /* Resources */ = {
			isa = PBXResourcesBuildPhase;
			buildActionMask = 2147483647;
			files = (
				99645E562D19C6E400524200 /* Assets.xcassets in Resources */,
				99645E582D19C6E400524200 /* LaunchScreen.storyboard in Resources */,
				99645E592D19C6E400524200 /* Main.storyboard in Resources */,
			);
			runOnlyForDeploymentPostprocessing = 0;
		};
		992E680C2D183CCB0071734B /* Resources */ = {
			isa = PBXResourcesBuildPhase;
			buildActionMask = 2147483647;
			files = (
			);
			runOnlyForDeploymentPostprocessing = 0;
		};
		992E68162D183CCB0071734B /* Resources */ = {
			isa = PBXResourcesBuildPhase;
			buildActionMask = 2147483647;
			files = (
			);
			runOnlyForDeploymentPostprocessing = 0;
		};
/* End PBXResourcesBuildPhase section */

/* Begin PBXSourcesBuildPhase section */
		992E67F42D183CC90071734B /* Sources */ = {
			isa = PBXSourcesBuildPhase;
			buildActionMask = 2147483647;
			files = (
				999FF1D22D2EA3970092186F /* ProfileViewController.swift in Sources */,
				99EAD7F02D33E20E001EBE4B /* SingleImageViewController.swift in Sources */,
				993FCC662D457A8900C91D4B /* OAuth2Service.swift in Sources */,
				99645E5A2D19C6E400524200 /* AppDelegate.swift in Sources */,
				993FCC622D4264DD00C91D4B /* WebViewViewController.swift in Sources */,
				993FCC5B2D425EA100C91D4B /* ImagesListCell.swift in Sources */,
				993FCC5C2D425EA100C91D4B /* ImagesListViewController.swift in Sources */,
				993FCC7B2D49051100C91D4B /* AuthViewControllerDelegate.swift in Sources */,
				993FCC6E2D47D87C00C91D4B /* URLSession+data.swift.swift in Sources */,
				993FCC732D47DAEF00C91D4B /* OAuthTokenResponseBody.swift in Sources */,
				997D480A2D500EE50044699F /* Profile.swift in Sources */,
				995FBE442D1AD28F00FE1D06 /* GradientView.swift in Sources */,
				993FCC642D427DF400C91D4B /* WebViewViewControllerDelegate.swift in Sources */,
				99645E5C2D19C6E400524200 /* SceneDelegate.swift in Sources */,
				993FCC752D47DE0C00C91D4B /* OAuth2TokenStorage.swift in Sources */,
				997D48062D500D820044699F /* ProfileService.swift in Sources */,
				99E9DFA92D4115F7009B9845 /* Constants.swift in Sources */,
				993FCC562D425E3300C91D4B /* AuthViewController.swift in Sources */,
				993FCC792D49006900C91D4B /* SplashViewController.swift in Sources */,
				997D48082D500DE00044699F /* ProfileResult.swift in Sources */,
				997D48042D4F8EA90044699F /* UIBlockingProgressHUD.swift in Sources */,
			);
			runOnlyForDeploymentPostprocessing = 0;
		};
		992E680A2D183CCB0071734B /* Sources */ = {
			isa = PBXSourcesBuildPhase;
			buildActionMask = 2147483647;
			files = (
			);
			runOnlyForDeploymentPostprocessing = 0;
		};
		992E68142D183CCB0071734B /* Sources */ = {
			isa = PBXSourcesBuildPhase;
			buildActionMask = 2147483647;
			files = (
			);
			runOnlyForDeploymentPostprocessing = 0;
		};
/* End PBXSourcesBuildPhase section */

/* Begin PBXTargetDependency section */
		992E68102D183CCB0071734B /* PBXTargetDependency */ = {
			isa = PBXTargetDependency;
			target = 992E67F72D183CC90071734B /* ImageFeed */;
			targetProxy = 992E680F2D183CCB0071734B /* PBXContainerItemProxy */;
		};
		992E681A2D183CCB0071734B /* PBXTargetDependency */ = {
			isa = PBXTargetDependency;
			target = 992E67F72D183CC90071734B /* ImageFeed */;
			targetProxy = 992E68192D183CCB0071734B /* PBXContainerItemProxy */;
		};
/* End PBXTargetDependency section */

/* Begin PBXVariantGroup section */
		99645E512D19C6E400524200 /* LaunchScreen.storyboard */ = {
			isa = PBXVariantGroup;
			children = (
				99645E502D19C6E400524200 /* Base */,
			);
			name = LaunchScreen.storyboard;
			sourceTree = "<group>";
		};
		99645E532D19C6E400524200 /* Main.storyboard */ = {
			isa = PBXVariantGroup;
			children = (
				99645E522D19C6E400524200 /* Base */,
			);
			name = Main.storyboard;
			sourceTree = "<group>";
		};
/* End PBXVariantGroup section */

/* Begin XCBuildConfiguration section */
		992E68222D183CCB0071734B /* Debug */ = {
			isa = XCBuildConfiguration;
			buildSettings = {
				ASSETCATALOG_COMPILER_APPICON_NAME = AppIcon;
				ASSETCATALOG_COMPILER_GLOBAL_ACCENT_COLOR_NAME = AccentColor;
				CODE_SIGN_STYLE = Automatic;
				CURRENT_PROJECT_VERSION = 1;
				DEVELOPMENT_TEAM = V459R55R59;
				GENERATE_INFOPLIST_FILE = YES;
				INFOPLIST_FILE = ImageFeed/Info.plist;
				INFOPLIST_KEY_UIApplicationSupportsIndirectInputEvents = YES;
				INFOPLIST_KEY_UILaunchStoryboardName = LaunchScreen;
				INFOPLIST_KEY_UIMainStoryboardFile = Main;
				INFOPLIST_KEY_UISupportedInterfaceOrientations_iPhone = UIInterfaceOrientationPortrait;
				IPHONEOS_DEPLOYMENT_TARGET = 13.0;
				LD_RUNPATH_SEARCH_PATHS = (
					"$(inherited)",
					"@executable_path/Frameworks",
				);
				MARKETING_VERSION = 1.0;
				PRODUCT_BUNDLE_IDENTIFIER = ru.avtabenskiy.ImageFeed;
				PRODUCT_NAME = "$(TARGET_NAME)";
				SUPPORTED_PLATFORMS = "iphoneos iphonesimulator";
				SUPPORTS_MACCATALYST = NO;
				SUPPORTS_MAC_DESIGNED_FOR_IPHONE_IPAD = NO;
				SUPPORTS_XR_DESIGNED_FOR_IPHONE_IPAD = NO;
				SWIFT_EMIT_LOC_STRINGS = YES;
				SWIFT_VERSION = 5.0;
				TARGETED_DEVICE_FAMILY = 1;
			};
			name = Debug;
		};
		992E68232D183CCB0071734B /* Release */ = {
			isa = XCBuildConfiguration;
			buildSettings = {
				ASSETCATALOG_COMPILER_APPICON_NAME = AppIcon;
				ASSETCATALOG_COMPILER_GLOBAL_ACCENT_COLOR_NAME = AccentColor;
				CODE_SIGN_STYLE = Automatic;
				CURRENT_PROJECT_VERSION = 1;
				DEVELOPMENT_TEAM = V459R55R59;
				GENERATE_INFOPLIST_FILE = YES;
				INFOPLIST_FILE = ImageFeed/Info.plist;
				INFOPLIST_KEY_UIApplicationSupportsIndirectInputEvents = YES;
				INFOPLIST_KEY_UILaunchStoryboardName = LaunchScreen;
				INFOPLIST_KEY_UIMainStoryboardFile = Main;
				INFOPLIST_KEY_UISupportedInterfaceOrientations_iPhone = UIInterfaceOrientationPortrait;
				IPHONEOS_DEPLOYMENT_TARGET = 13.0;
				LD_RUNPATH_SEARCH_PATHS = (
					"$(inherited)",
					"@executable_path/Frameworks",
				);
				MARKETING_VERSION = 1.0;
				PRODUCT_BUNDLE_IDENTIFIER = ru.avtabenskiy.ImageFeed;
				PRODUCT_NAME = "$(TARGET_NAME)";
				SUPPORTED_PLATFORMS = "iphoneos iphonesimulator";
				SUPPORTS_MACCATALYST = NO;
				SUPPORTS_MAC_DESIGNED_FOR_IPHONE_IPAD = NO;
				SUPPORTS_XR_DESIGNED_FOR_IPHONE_IPAD = NO;
				SWIFT_EMIT_LOC_STRINGS = YES;
				SWIFT_VERSION = 5.0;
				TARGETED_DEVICE_FAMILY = 1;
			};
			name = Release;
		};
		992E68242D183CCB0071734B /* Debug */ = {
			isa = XCBuildConfiguration;
			buildSettings = {
				ALWAYS_SEARCH_USER_PATHS = NO;
				ASSETCATALOG_COMPILER_GENERATE_SWIFT_ASSET_SYMBOL_EXTENSIONS = YES;
				CLANG_ANALYZER_NONNULL = YES;
				CLANG_ANALYZER_NUMBER_OBJECT_CONVERSION = YES_AGGRESSIVE;
				CLANG_CXX_LANGUAGE_STANDARD = "gnu++20";
				CLANG_ENABLE_MODULES = YES;
				CLANG_ENABLE_OBJC_ARC = YES;
				CLANG_ENABLE_OBJC_WEAK = YES;
				CLANG_WARN_BLOCK_CAPTURE_AUTORELEASING = YES;
				CLANG_WARN_BOOL_CONVERSION = YES;
				CLANG_WARN_COMMA = YES;
				CLANG_WARN_CONSTANT_CONVERSION = YES;
				CLANG_WARN_DEPRECATED_OBJC_IMPLEMENTATIONS = YES;
				CLANG_WARN_DIRECT_OBJC_ISA_USAGE = YES_ERROR;
				CLANG_WARN_DOCUMENTATION_COMMENTS = YES;
				CLANG_WARN_EMPTY_BODY = YES;
				CLANG_WARN_ENUM_CONVERSION = YES;
				CLANG_WARN_INFINITE_RECURSION = YES;
				CLANG_WARN_INT_CONVERSION = YES;
				CLANG_WARN_NON_LITERAL_NULL_CONVERSION = YES;
				CLANG_WARN_OBJC_IMPLICIT_RETAIN_SELF = YES;
				CLANG_WARN_OBJC_LITERAL_CONVERSION = YES;
				CLANG_WARN_OBJC_ROOT_CLASS = YES_ERROR;
				CLANG_WARN_QUOTED_INCLUDE_IN_FRAMEWORK_HEADER = YES;
				CLANG_WARN_RANGE_LOOP_ANALYSIS = YES;
				CLANG_WARN_STRICT_PROTOTYPES = YES;
				CLANG_WARN_SUSPICIOUS_MOVE = YES;
				CLANG_WARN_UNGUARDED_AVAILABILITY = YES_AGGRESSIVE;
				CLANG_WARN_UNREACHABLE_CODE = YES;
				CLANG_WARN__DUPLICATE_METHOD_MATCH = YES;
				COPY_PHASE_STRIP = NO;
				DEBUG_INFORMATION_FORMAT = dwarf;
				ENABLE_STRICT_OBJC_MSGSEND = YES;
				ENABLE_TESTABILITY = YES;
				ENABLE_USER_SCRIPT_SANDBOXING = YES;
				GCC_C_LANGUAGE_STANDARD = gnu17;
				GCC_DYNAMIC_NO_PIC = NO;
				GCC_NO_COMMON_BLOCKS = YES;
				GCC_OPTIMIZATION_LEVEL = 0;
				GCC_PREPROCESSOR_DEFINITIONS = (
					"DEBUG=1",
					"$(inherited)",
				);
				GCC_WARN_64_TO_32_BIT_CONVERSION = YES;
				GCC_WARN_ABOUT_RETURN_TYPE = YES_ERROR;
				GCC_WARN_UNDECLARED_SELECTOR = YES;
				GCC_WARN_UNINITIALIZED_AUTOS = YES_AGGRESSIVE;
				GCC_WARN_UNUSED_FUNCTION = YES;
				GCC_WARN_UNUSED_VARIABLE = YES;
				IPHONEOS_DEPLOYMENT_TARGET = 18.1;
				LOCALIZATION_PREFERS_STRING_CATALOGS = YES;
				MTL_ENABLE_DEBUG_INFO = INCLUDE_SOURCE;
				MTL_FAST_MATH = YES;
				ONLY_ACTIVE_ARCH = YES;
				SDKROOT = iphoneos;
				SWIFT_ACTIVE_COMPILATION_CONDITIONS = "DEBUG $(inherited)";
				SWIFT_OPTIMIZATION_LEVEL = "-Onone";
			};
			name = Debug;
		};
		992E68252D183CCB0071734B /* Release */ = {
			isa = XCBuildConfiguration;
			buildSettings = {
				ALWAYS_SEARCH_USER_PATHS = NO;
				ASSETCATALOG_COMPILER_GENERATE_SWIFT_ASSET_SYMBOL_EXTENSIONS = YES;
				CLANG_ANALYZER_NONNULL = YES;
				CLANG_ANALYZER_NUMBER_OBJECT_CONVERSION = YES_AGGRESSIVE;
				CLANG_CXX_LANGUAGE_STANDARD = "gnu++20";
				CLANG_ENABLE_MODULES = YES;
				CLANG_ENABLE_OBJC_ARC = YES;
				CLANG_ENABLE_OBJC_WEAK = YES;
				CLANG_WARN_BLOCK_CAPTURE_AUTORELEASING = YES;
				CLANG_WARN_BOOL_CONVERSION = YES;
				CLANG_WARN_COMMA = YES;
				CLANG_WARN_CONSTANT_CONVERSION = YES;
				CLANG_WARN_DEPRECATED_OBJC_IMPLEMENTATIONS = YES;
				CLANG_WARN_DIRECT_OBJC_ISA_USAGE = YES_ERROR;
				CLANG_WARN_DOCUMENTATION_COMMENTS = YES;
				CLANG_WARN_EMPTY_BODY = YES;
				CLANG_WARN_ENUM_CONVERSION = YES;
				CLANG_WARN_INFINITE_RECURSION = YES;
				CLANG_WARN_INT_CONVERSION = YES;
				CLANG_WARN_NON_LITERAL_NULL_CONVERSION = YES;
				CLANG_WARN_OBJC_IMPLICIT_RETAIN_SELF = YES;
				CLANG_WARN_OBJC_LITERAL_CONVERSION = YES;
				CLANG_WARN_OBJC_ROOT_CLASS = YES_ERROR;
				CLANG_WARN_QUOTED_INCLUDE_IN_FRAMEWORK_HEADER = YES;
				CLANG_WARN_RANGE_LOOP_ANALYSIS = YES;
				CLANG_WARN_STRICT_PROTOTYPES = YES;
				CLANG_WARN_SUSPICIOUS_MOVE = YES;
				CLANG_WARN_UNGUARDED_AVAILABILITY = YES_AGGRESSIVE;
				CLANG_WARN_UNREACHABLE_CODE = YES;
				CLANG_WARN__DUPLICATE_METHOD_MATCH = YES;
				COPY_PHASE_STRIP = NO;
				DEBUG_INFORMATION_FORMAT = "dwarf-with-dsym";
				ENABLE_NS_ASSERTIONS = NO;
				ENABLE_STRICT_OBJC_MSGSEND = YES;
				ENABLE_USER_SCRIPT_SANDBOXING = YES;
				GCC_C_LANGUAGE_STANDARD = gnu17;
				GCC_NO_COMMON_BLOCKS = YES;
				GCC_WARN_64_TO_32_BIT_CONVERSION = YES;
				GCC_WARN_ABOUT_RETURN_TYPE = YES_ERROR;
				GCC_WARN_UNDECLARED_SELECTOR = YES;
				GCC_WARN_UNINITIALIZED_AUTOS = YES_AGGRESSIVE;
				GCC_WARN_UNUSED_FUNCTION = YES;
				GCC_WARN_UNUSED_VARIABLE = YES;
				IPHONEOS_DEPLOYMENT_TARGET = 18.1;
				LOCALIZATION_PREFERS_STRING_CATALOGS = YES;
				MTL_ENABLE_DEBUG_INFO = NO;
				MTL_FAST_MATH = YES;
				SDKROOT = iphoneos;
				SWIFT_COMPILATION_MODE = wholemodule;
				VALIDATE_PRODUCT = YES;
			};
			name = Release;
		};
		992E68272D183CCB0071734B /* Debug */ = {
			isa = XCBuildConfiguration;
			buildSettings = {
				BUNDLE_LOADER = "$(TEST_HOST)";
				CODE_SIGN_STYLE = Automatic;
				CURRENT_PROJECT_VERSION = 1;
				DEVELOPMENT_TEAM = V459R55R59;
				GENERATE_INFOPLIST_FILE = YES;
				IPHONEOS_DEPLOYMENT_TARGET = 18.1;
				MARKETING_VERSION = 1.0;
				PRODUCT_BUNDLE_IDENTIFIER = ru.yandex.practicum.ImageFeedTests;
				PRODUCT_NAME = "$(TARGET_NAME)";
				SWIFT_EMIT_LOC_STRINGS = NO;
				SWIFT_VERSION = 5.0;
				TARGETED_DEVICE_FAMILY = "1,2";
				TEST_HOST = "$(BUILT_PRODUCTS_DIR)/ImageFeed.app/$(BUNDLE_EXECUTABLE_FOLDER_PATH)/ImageFeed";
			};
			name = Debug;
		};
		992E68282D183CCB0071734B /* Release */ = {
			isa = XCBuildConfiguration;
			buildSettings = {
				BUNDLE_LOADER = "$(TEST_HOST)";
				CODE_SIGN_STYLE = Automatic;
				CURRENT_PROJECT_VERSION = 1;
				DEVELOPMENT_TEAM = V459R55R59;
				GENERATE_INFOPLIST_FILE = YES;
				IPHONEOS_DEPLOYMENT_TARGET = 18.1;
				MARKETING_VERSION = 1.0;
				PRODUCT_BUNDLE_IDENTIFIER = ru.yandex.practicum.ImageFeedTests;
				PRODUCT_NAME = "$(TARGET_NAME)";
				SWIFT_EMIT_LOC_STRINGS = NO;
				SWIFT_VERSION = 5.0;
				TARGETED_DEVICE_FAMILY = "1,2";
				TEST_HOST = "$(BUILT_PRODUCTS_DIR)/ImageFeed.app/$(BUNDLE_EXECUTABLE_FOLDER_PATH)/ImageFeed";
			};
			name = Release;
		};
		992E682A2D183CCB0071734B /* Debug */ = {
			isa = XCBuildConfiguration;
			buildSettings = {
				CODE_SIGN_STYLE = Automatic;
				CURRENT_PROJECT_VERSION = 1;
				DEVELOPMENT_TEAM = V459R55R59;
				GENERATE_INFOPLIST_FILE = YES;
				MARKETING_VERSION = 1.0;
				PRODUCT_BUNDLE_IDENTIFIER = ru.yandex.practicum.ImageFeedUITests;
				PRODUCT_NAME = "$(TARGET_NAME)";
				SWIFT_EMIT_LOC_STRINGS = NO;
				SWIFT_VERSION = 5.0;
				TARGETED_DEVICE_FAMILY = "1,2";
				TEST_TARGET_NAME = ImageFeed;
			};
			name = Debug;
		};
		992E682B2D183CCB0071734B /* Release */ = {
			isa = XCBuildConfiguration;
			buildSettings = {
				CODE_SIGN_STYLE = Automatic;
				CURRENT_PROJECT_VERSION = 1;
				DEVELOPMENT_TEAM = V459R55R59;
				GENERATE_INFOPLIST_FILE = YES;
				MARKETING_VERSION = 1.0;
				PRODUCT_BUNDLE_IDENTIFIER = ru.yandex.practicum.ImageFeedUITests;
				PRODUCT_NAME = "$(TARGET_NAME)";
				SWIFT_EMIT_LOC_STRINGS = NO;
				SWIFT_VERSION = 5.0;
				TARGETED_DEVICE_FAMILY = "1,2";
				TEST_TARGET_NAME = ImageFeed;
			};
			name = Release;
		};
/* End XCBuildConfiguration section */

/* Begin XCConfigurationList section */
		992E67F32D183CC90071734B /* Build configuration list for PBXProject "ImageFeed" */ = {
			isa = XCConfigurationList;
			buildConfigurations = (
				992E68242D183CCB0071734B /* Debug */,
				992E68252D183CCB0071734B /* Release */,
			);
			defaultConfigurationIsVisible = 0;
			defaultConfigurationName = Release;
		};
		992E68212D183CCB0071734B /* Build configuration list for PBXNativeTarget "ImageFeed" */ = {
			isa = XCConfigurationList;
			buildConfigurations = (
				992E68222D183CCB0071734B /* Debug */,
				992E68232D183CCB0071734B /* Release */,
			);
			defaultConfigurationIsVisible = 0;
			defaultConfigurationName = Release;
		};
		992E68262D183CCB0071734B /* Build configuration list for PBXNativeTarget "ImageFeedTests" */ = {
			isa = XCConfigurationList;
			buildConfigurations = (
				992E68272D183CCB0071734B /* Debug */,
				992E68282D183CCB0071734B /* Release */,
			);
			defaultConfigurationIsVisible = 0;
			defaultConfigurationName = Release;
		};
		992E68292D183CCB0071734B /* Build configuration list for PBXNativeTarget "ImageFeedUITests" */ = {
			isa = XCConfigurationList;
			buildConfigurations = (
				992E682A2D183CCB0071734B /* Debug */,
				992E682B2D183CCB0071734B /* Release */,
			);
			defaultConfigurationIsVisible = 0;
			defaultConfigurationName = Release;
		};
/* End XCConfigurationList section */

/* Begin XCRemoteSwiftPackageReference section */
		9997C5A82D4CED5400CF64C7 /* XCRemoteSwiftPackageReference "ProgressHUD" */ = {
			isa = XCRemoteSwiftPackageReference;
			repositoryURL = "https://github.com/relatedcode/ProgressHUD";
			requirement = {
				kind = upToNextMajorVersion;
				minimumVersion = 14.1.3;
			};
		};
/* End XCRemoteSwiftPackageReference section */

/* Begin XCSwiftPackageProductDependency section */
		9997C5A92D4CED5400CF64C7 /* ProgressHUD */ = {
			isa = XCSwiftPackageProductDependency;
			package = 9997C5A82D4CED5400CF64C7 /* XCRemoteSwiftPackageReference "ProgressHUD" */;
			productName = ProgressHUD;
		};
/* End XCSwiftPackageProductDependency section */
	};
	rootObject = 992E67F02D183CC90071734B /* Project object */;
}
